// !$*UTF8*$!
{
	archiveVersion = 1;
	classes = {
	};
	objectVersion = 51;
	objects = {

/* Begin PBXBuildFile section */
		06D6204554AAC5EEA995F021 /* Main.storyboard in Resources */ = {isa = PBXBuildFile; fileRef = 772A7A0AEF651A7748CDEED8 /* Main.storyboard */; };
		0BAEE27EF6C57E5F08DC0258 /* AppDelegate.swift in Sources */ = {isa = PBXBuildFile; fileRef = AB8B5659F8925B852C53165C /* AppDelegate.swift */; };
		142EE0DBCD9A50011C705BE8 /* Pods_EpubDownloadSampleUITests.framework in Frameworks */ = {isa = PBXBuildFile; fileRef = 70A0B34104179856BFF1C4A3 /* Pods_EpubDownloadSampleUITests.framework */; };
		1EA6004A45B72D28DF5EE01F /* Pods_EpubDownloadSampleTests.framework in Frameworks */ = {isa = PBXBuildFile; fileRef = 4BAA949CF263EEB82BB0B05A /* Pods_EpubDownloadSampleTests.framework */; };
		230A119E93F1E927EC5EAAE6 /* LaunchScreen.storyboard in Resources */ = {isa = PBXBuildFile; fileRef = 17B297AAD90ED9092D598702 /* LaunchScreen.storyboard */; };
		953CE1B8D1B2A3EB56C6958B /* EpubDownloadSampleUITests.swift in Sources */ = {isa = PBXBuildFile; fileRef = E106DD536AF87F6CFB03CE06 /* EpubDownloadSampleUITests.swift */; };
		98D6686C9837E5E90147C24D /* SceneDelegate.swift in Sources */ = {isa = PBXBuildFile; fileRef = 33B99ABDDA14A9D6B92BDFAA /* SceneDelegate.swift */; };
		B57E3085B7C1F77FB3AFF2CE /* Assets.xcassets in Resources */ = {isa = PBXBuildFile; fileRef = E93928A01975EC68EFFFB951 /* Assets.xcassets */; };
		C4D984ED454B0DC407A04CFC /* EpubDownloadSampleTests.swift in Sources */ = {isa = PBXBuildFile; fileRef = C264077F615FF5E92A7C0103 /* EpubDownloadSampleTests.swift */; };
		C4E8D9B97C39161482B62FD1 /* ViewController.swift in Sources */ = {isa = PBXBuildFile; fileRef = FDDB06E675FC1562764F80FB /* ViewController.swift */; };
		C5E1F15B174A070CAF28E811 /* Pods_EpubDownloadSample.framework in Frameworks */ = {isa = PBXBuildFile; fileRef = AD79F7390E298194F1ADC8E2 /* Pods_EpubDownloadSample.framework */; };
		F6098D9A23485B6D007DBD24 /* FileResource.swift in Sources */ = {isa = PBXBuildFile; fileRef = F6098D9923485B6D007DBD24 /* FileResource.swift */; };
/* End PBXBuildFile section */

/* Begin PBXContainerItemProxy section */
		15B3E36C5CAB5E5AFEBB7316 /* PBXContainerItemProxy */ = {
			isa = PBXContainerItemProxy;
			containerPortal = 4E1ECB0ED8D8C678AC63F99B /* Project object */;
			proxyType = 1;
			remoteGlobalIDString = DB533B543F5CFD3A297414F3;
			remoteInfo = EpubDownloadSample;
		};
		C05AEEE7214CB401F92F2898 /* PBXContainerItemProxy */ = {
			isa = PBXContainerItemProxy;
			containerPortal = 4E1ECB0ED8D8C678AC63F99B /* Project object */;
			proxyType = 1;
			remoteGlobalIDString = DB533B543F5CFD3A297414F3;
			remoteInfo = EpubDownloadSample;
		};
/* End PBXContainerItemProxy section */

/* Begin PBXFileReference section */
		0942A26B1F24F2114B0CC1D5 /* EpubDownloadSample.app */ = {isa = PBXFileReference; includeInIndex = 0; lastKnownFileType = wrapper.application; path = EpubDownloadSample.app; sourceTree = BUILT_PRODUCTS_DIR; };
		0C371B1AB5D82D91518DE2E4 /* Pods-EpubDownloadSample.release.xcconfig */ = {isa = PBXFileReference; includeInIndex = 1; lastKnownFileType = text.xcconfig; name = "Pods-EpubDownloadSample.release.xcconfig"; path = "Target Support Files/Pods-EpubDownloadSample/Pods-EpubDownloadSample.release.xcconfig"; sourceTree = "<group>"; };
		102A154D2532AAA1B1E29419 /* Info.plist */ = {isa = PBXFileReference; lastKnownFileType = text.plist.xml; path = Info.plist; sourceTree = "<group>"; };
		26ED445BE3235900D95098B5 /* Info.plist */ = {isa = PBXFileReference; lastKnownFileType = text.plist.xml; path = Info.plist; sourceTree = "<group>"; };
		30BB6D3EEFD192CFEE6A943C /* Base */ = {isa = PBXFileReference; lastKnownFileType = file.storyboard; name = Base; path = Base.lproj/LaunchScreen.storyboard; sourceTree = "<group>"; };
		33B99ABDDA14A9D6B92BDFAA /* SceneDelegate.swift */ = {isa = PBXFileReference; lastKnownFileType = sourcecode.swift; path = SceneDelegate.swift; sourceTree = "<group>"; };
		389AB5E5764383E475420B88 /* Base.xcconfig */ = {isa = PBXFileReference; lastKnownFileType = text.xcconfig; path = Base.xcconfig; sourceTree = "<group>"; };
		3C232525F419EF3880FF554D /* EpubDownloadSample-Debug.xcconfig */ = {isa = PBXFileReference; lastKnownFileType = text.xcconfig; path = "EpubDownloadSample-Debug.xcconfig"; sourceTree = "<group>"; };
		419C17ADA2AC01A6AF7A6B65 /* Pods-EpubDownloadSampleUITests.release.xcconfig */ = {isa = PBXFileReference; includeInIndex = 1; lastKnownFileType = text.xcconfig; name = "Pods-EpubDownloadSampleUITests.release.xcconfig"; path = "Target Support Files/Pods-EpubDownloadSampleUITests/Pods-EpubDownloadSampleUITests.release.xcconfig"; sourceTree = "<group>"; };
		4A0CF5C2159A316324BDB793 /* Base */ = {isa = PBXFileReference; lastKnownFileType = file.storyboard; name = Base; path = Base.lproj/Main.storyboard; sourceTree = "<group>"; };
		4BAA949CF263EEB82BB0B05A /* Pods_EpubDownloadSampleTests.framework */ = {isa = PBXFileReference; explicitFileType = wrapper.framework; includeInIndex = 0; path = Pods_EpubDownloadSampleTests.framework; sourceTree = BUILT_PRODUCTS_DIR; };
		4C279AA2DF3A5302B75BF3A4 /* EpubDownloadSampleTests.xcconfig */ = {isa = PBXFileReference; lastKnownFileType = text.xcconfig; path = EpubDownloadSampleTests.xcconfig; sourceTree = "<group>"; };
		546A26717D8E3C82FFE83553 /* Pods-EpubDownloadSampleTests.release.xcconfig */ = {isa = PBXFileReference; includeInIndex = 1; lastKnownFileType = text.xcconfig; name = "Pods-EpubDownloadSampleTests.release.xcconfig"; path = "Target Support Files/Pods-EpubDownloadSampleTests/Pods-EpubDownloadSampleTests.release.xcconfig"; sourceTree = "<group>"; };
		634A145279B42DB534284FB5 /* Release.xcconfig */ = {isa = PBXFileReference; lastKnownFileType = text.xcconfig; path = Release.xcconfig; sourceTree = "<group>"; };
		70A0B34104179856BFF1C4A3 /* Pods_EpubDownloadSampleUITests.framework */ = {isa = PBXFileReference; explicitFileType = wrapper.framework; includeInIndex = 0; path = Pods_EpubDownloadSampleUITests.framework; sourceTree = BUILT_PRODUCTS_DIR; };
		90A3B835E918F1804E964C8D /* EpubDownloadSample-Release.xcconfig */ = {isa = PBXFileReference; lastKnownFileType = text.xcconfig; path = "EpubDownloadSample-Release.xcconfig"; sourceTree = "<group>"; };
		9EFA61E516612D42E00D1969 /* Info.plist */ = {isa = PBXFileReference; lastKnownFileType = text.plist.xml; path = Info.plist; sourceTree = "<group>"; };
		A0B0F37A542D0DBB596DB220 /* EpubDownloadSample.xcconfig */ = {isa = PBXFileReference; lastKnownFileType = text.xcconfig; path = EpubDownloadSample.xcconfig; sourceTree = "<group>"; };
		AB8B5659F8925B852C53165C /* AppDelegate.swift */ = {isa = PBXFileReference; lastKnownFileType = sourcecode.swift; path = AppDelegate.swift; sourceTree = "<group>"; };
		AC3CD964DD16AE68609AA62F /* Pods-EpubDownloadSampleUITests.debug.xcconfig */ = {isa = PBXFileReference; includeInIndex = 1; lastKnownFileType = text.xcconfig; name = "Pods-EpubDownloadSampleUITests.debug.xcconfig"; path = "Target Support Files/Pods-EpubDownloadSampleUITests/Pods-EpubDownloadSampleUITests.debug.xcconfig"; sourceTree = "<group>"; };
		AD79F7390E298194F1ADC8E2 /* Pods_EpubDownloadSample.framework */ = {isa = PBXFileReference; explicitFileType = wrapper.framework; includeInIndex = 0; path = Pods_EpubDownloadSample.framework; sourceTree = BUILT_PRODUCTS_DIR; };
		B38439305380D62066E5228A /* EpubDownloadSampleUITests.xctest */ = {isa = PBXFileReference; includeInIndex = 0; lastKnownFileType = wrapper.cfbundle; path = EpubDownloadSampleUITests.xctest; sourceTree = BUILT_PRODUCTS_DIR; };
		BA068F2EAF3A93468C216BEC /* EpubDownloadSampleTests.xctest */ = {isa = PBXFileReference; includeInIndex = 0; lastKnownFileType = wrapper.cfbundle; path = EpubDownloadSampleTests.xctest; sourceTree = BUILT_PRODUCTS_DIR; };
		C264077F615FF5E92A7C0103 /* EpubDownloadSampleTests.swift */ = {isa = PBXFileReference; lastKnownFileType = sourcecode.swift; path = EpubDownloadSampleTests.swift; sourceTree = "<group>"; };
		C664FE81A1952ACC94AD2671 /* Pods-EpubDownloadSampleTests.debug.xcconfig */ = {isa = PBXFileReference; includeInIndex = 1; lastKnownFileType = text.xcconfig; name = "Pods-EpubDownloadSampleTests.debug.xcconfig"; path = "Target Support Files/Pods-EpubDownloadSampleTests/Pods-EpubDownloadSampleTests.debug.xcconfig"; sourceTree = "<group>"; };
		CDF3A0D57D49CA55D86415E9 /* Debug.xcconfig */ = {isa = PBXFileReference; lastKnownFileType = text.xcconfig; path = Debug.xcconfig; sourceTree = "<group>"; };
		D6AEF3BD1222CA2905E8212D /* EpubDownloadSampleUITests-Release.xcconfig */ = {isa = PBXFileReference; lastKnownFileType = text.xcconfig; path = "EpubDownloadSampleUITests-Release.xcconfig"; sourceTree = "<group>"; };
		D72B5894D9EDEFFA04DBB11F /* EpubDownloadSampleTests-Release.xcconfig */ = {isa = PBXFileReference; lastKnownFileType = text.xcconfig; path = "EpubDownloadSampleTests-Release.xcconfig"; sourceTree = "<group>"; };
		D893A8C91E078BC5ECBCF4E3 /* EpubDownloadSampleUITests-Debug.xcconfig */ = {isa = PBXFileReference; lastKnownFileType = text.xcconfig; path = "EpubDownloadSampleUITests-Debug.xcconfig"; sourceTree = "<group>"; };
		E106DD536AF87F6CFB03CE06 /* EpubDownloadSampleUITests.swift */ = {isa = PBXFileReference; lastKnownFileType = sourcecode.swift; path = EpubDownloadSampleUITests.swift; sourceTree = "<group>"; };
		E6D10324FE7F4F0B89F06C1E /* EpubDownloadSampleTests-Debug.xcconfig */ = {isa = PBXFileReference; lastKnownFileType = text.xcconfig; path = "EpubDownloadSampleTests-Debug.xcconfig"; sourceTree = "<group>"; };
		E93928A01975EC68EFFFB951 /* Assets.xcassets */ = {isa = PBXFileReference; lastKnownFileType = folder.assetcatalog; path = Assets.xcassets; sourceTree = "<group>"; };
		ED2B94D9795EF4F02D47567C /* EpubDownloadSampleUITests.xcconfig */ = {isa = PBXFileReference; lastKnownFileType = text.xcconfig; path = EpubDownloadSampleUITests.xcconfig; sourceTree = "<group>"; };
		F420D4D8D7E9CBF8D2DBCCB6 /* Pods-EpubDownloadSample.debug.xcconfig */ = {isa = PBXFileReference; includeInIndex = 1; lastKnownFileType = text.xcconfig; name = "Pods-EpubDownloadSample.debug.xcconfig"; path = "Target Support Files/Pods-EpubDownloadSample/Pods-EpubDownloadSample.debug.xcconfig"; sourceTree = "<group>"; };
		F6098D9923485B6D007DBD24 /* FileResource.swift */ = {isa = PBXFileReference; lastKnownFileType = sourcecode.swift; path = FileResource.swift; sourceTree = "<group>"; };
		FDDB06E675FC1562764F80FB /* ViewController.swift */ = {isa = PBXFileReference; lastKnownFileType = sourcecode.swift; path = ViewController.swift; sourceTree = "<group>"; };
/* End PBXFileReference section */

/* Begin PBXFrameworksBuildPhase section */
		50BC58DC428CFB1F9408C71C /* Frameworks */ = {
			isa = PBXFrameworksBuildPhase;
			buildActionMask = 2147483647;
			files = (
				1EA6004A45B72D28DF5EE01F /* Pods_EpubDownloadSampleTests.framework in Frameworks */,
			);
			runOnlyForDeploymentPostprocessing = 0;
		};
		AA636DB73AB5696DDA8436BE /* Frameworks */ = {
			isa = PBXFrameworksBuildPhase;
			buildActionMask = 2147483647;
			files = (
				C5E1F15B174A070CAF28E811 /* Pods_EpubDownloadSample.framework in Frameworks */,
			);
			runOnlyForDeploymentPostprocessing = 0;
		};
		C1DDD5AA5309862CF6723DB7 /* Frameworks */ = {
			isa = PBXFrameworksBuildPhase;
			buildActionMask = 2147483647;
			files = (
				142EE0DBCD9A50011C705BE8 /* Pods_EpubDownloadSampleUITests.framework in Frameworks */,
			);
			runOnlyForDeploymentPostprocessing = 0;
		};
/* End PBXFrameworksBuildPhase section */

/* Begin PBXGroup section */
		107272308FA518BC2DEB0A42 /* EpubDownloadSampleTests */ = {
			isa = PBXGroup;
			children = (
				C264077F615FF5E92A7C0103 /* EpubDownloadSampleTests.swift */,
				26ED445BE3235900D95098B5 /* Info.plist */,
			);
			path = EpubDownloadSampleTests;
			sourceTree = "<group>";
		};
		2CE1E6B2F6C07BB21DAF57AC /* Frameworks */ = {
			isa = PBXGroup;
			children = (
				AD79F7390E298194F1ADC8E2 /* Pods_EpubDownloadSample.framework */,
				4BAA949CF263EEB82BB0B05A /* Pods_EpubDownloadSampleTests.framework */,
				70A0B34104179856BFF1C4A3 /* Pods_EpubDownloadSampleUITests.framework */,
			);
			name = Frameworks;
			sourceTree = "<group>";
		};
		321627742D1910D106B12FD8 /* Pods */ = {
			isa = PBXGroup;
			children = (
				F420D4D8D7E9CBF8D2DBCCB6 /* Pods-EpubDownloadSample.debug.xcconfig */,
				0C371B1AB5D82D91518DE2E4 /* Pods-EpubDownloadSample.release.xcconfig */,
				C664FE81A1952ACC94AD2671 /* Pods-EpubDownloadSampleTests.debug.xcconfig */,
				546A26717D8E3C82FFE83553 /* Pods-EpubDownloadSampleTests.release.xcconfig */,
				AC3CD964DD16AE68609AA62F /* Pods-EpubDownloadSampleUITests.debug.xcconfig */,
				419C17ADA2AC01A6AF7A6B65 /* Pods-EpubDownloadSampleUITests.release.xcconfig */,
			);
			path = Pods;
			sourceTree = "<group>";
		};
		890A97C1972F80816CEAD270 /* EpubDownloadSample */ = {
			isa = PBXGroup;
			children = (
				AB8B5659F8925B852C53165C /* AppDelegate.swift */,
				E93928A01975EC68EFFFB951 /* Assets.xcassets */,
				102A154D2532AAA1B1E29419 /* Info.plist */,
				17B297AAD90ED9092D598702 /* LaunchScreen.storyboard */,
				772A7A0AEF651A7748CDEED8 /* Main.storyboard */,
				33B99ABDDA14A9D6B92BDFAA /* SceneDelegate.swift */,
				FDDB06E675FC1562764F80FB /* ViewController.swift */,
				F6098D9923485B6D007DBD24 /* FileResource.swift */,
			);
			path = EpubDownloadSample;
			sourceTree = "<group>";
		};
		A277139E2703D20202A86FA5 = {
			isa = PBXGroup;
			children = (
				DC15013F0AEF6F77FE529DF3 /* configs */,
				890A97C1972F80816CEAD270 /* EpubDownloadSample */,
				107272308FA518BC2DEB0A42 /* EpubDownloadSampleTests */,
				D390CCE04AD41A9F08F8D717 /* EpubDownloadSampleUITests */,
				F2D390A5F5F98BD9DC255F9B /* Products */,
				321627742D1910D106B12FD8 /* Pods */,
				2CE1E6B2F6C07BB21DAF57AC /* Frameworks */,
			);
			sourceTree = "<group>";
		};
		D390CCE04AD41A9F08F8D717 /* EpubDownloadSampleUITests */ = {
			isa = PBXGroup;
			children = (
				E106DD536AF87F6CFB03CE06 /* EpubDownloadSampleUITests.swift */,
				9EFA61E516612D42E00D1969 /* Info.plist */,
			);
			path = EpubDownloadSampleUITests;
			sourceTree = "<group>";
		};
		DC15013F0AEF6F77FE529DF3 /* configs */ = {
			isa = PBXGroup;
			children = (
				389AB5E5764383E475420B88 /* Base.xcconfig */,
				CDF3A0D57D49CA55D86415E9 /* Debug.xcconfig */,
				3C232525F419EF3880FF554D /* EpubDownloadSample-Debug.xcconfig */,
				90A3B835E918F1804E964C8D /* EpubDownloadSample-Release.xcconfig */,
				A0B0F37A542D0DBB596DB220 /* EpubDownloadSample.xcconfig */,
				E6D10324FE7F4F0B89F06C1E /* EpubDownloadSampleTests-Debug.xcconfig */,
				D72B5894D9EDEFFA04DBB11F /* EpubDownloadSampleTests-Release.xcconfig */,
				4C279AA2DF3A5302B75BF3A4 /* EpubDownloadSampleTests.xcconfig */,
				D893A8C91E078BC5ECBCF4E3 /* EpubDownloadSampleUITests-Debug.xcconfig */,
				D6AEF3BD1222CA2905E8212D /* EpubDownloadSampleUITests-Release.xcconfig */,
				ED2B94D9795EF4F02D47567C /* EpubDownloadSampleUITests.xcconfig */,
				634A145279B42DB534284FB5 /* Release.xcconfig */,
			);
			path = configs;
			sourceTree = "<group>";
		};
		F2D390A5F5F98BD9DC255F9B /* Products */ = {
			isa = PBXGroup;
			children = (
				0942A26B1F24F2114B0CC1D5 /* EpubDownloadSample.app */,
				BA068F2EAF3A93468C216BEC /* EpubDownloadSampleTests.xctest */,
				B38439305380D62066E5228A /* EpubDownloadSampleUITests.xctest */,
			);
			name = Products;
			sourceTree = "<group>";
		};
/* End PBXGroup section */

/* Begin PBXNativeTarget section */
		2AECF15A82490023E69263A3 /* EpubDownloadSampleTests */ = {
			isa = PBXNativeTarget;
			buildConfigurationList = 1276C6E1F79A1E673ECEAC7E /* Build configuration list for PBXNativeTarget "EpubDownloadSampleTests" */;
			buildPhases = (
				E5A8CEF9CBDD57C4BF5844AC /* [CP] Check Pods Manifest.lock */,
				6E08B06632EA52D5AF43062D /* Sources */,
				50BC58DC428CFB1F9408C71C /* Frameworks */,
			);
			buildRules = (
			);
			dependencies = (
				15A78655D696251971BFD627 /* PBXTargetDependency */,
			);
			name = EpubDownloadSampleTests;
			productName = EpubDownloadSampleTests;
			productReference = BA068F2EAF3A93468C216BEC /* EpubDownloadSampleTests.xctest */;
			productType = "com.apple.product-type.bundle.unit-test";
		};
		7D1F52E59BEE1FDA6984CA94 /* EpubDownloadSampleUITests */ = {
			isa = PBXNativeTarget;
			buildConfigurationList = CEADB46BA29821C389A08EA8 /* Build configuration list for PBXNativeTarget "EpubDownloadSampleUITests" */;
			buildPhases = (
				76CF2EBA203A24D5DCE64C94 /* [CP] Check Pods Manifest.lock */,
				76C52D0F2FE45B3E944DD40A /* Sources */,
				C1DDD5AA5309862CF6723DB7 /* Frameworks */,
			);
			buildRules = (
			);
			dependencies = (
				0D2B688990A59B02B20976F3 /* PBXTargetDependency */,
			);
			name = EpubDownloadSampleUITests;
			productName = EpubDownloadSampleUITests;
			productReference = B38439305380D62066E5228A /* EpubDownloadSampleUITests.xctest */;
			productType = "com.apple.product-type.bundle.ui-testing";
		};
		DB533B543F5CFD3A297414F3 /* EpubDownloadSample */ = {
			isa = PBXNativeTarget;
			buildConfigurationList = 83B8A1854B74AC7724A5C551 /* Build configuration list for PBXNativeTarget "EpubDownloadSample" */;
			buildPhases = (
				C51642431168FF803E0A9F6C /* [CP] Check Pods Manifest.lock */,
				9F4C6B7D5BA37FCD2CF82CEF /* Sources */,
				92C503D1A954C3C02E328336 /* Resources */,
				AA636DB73AB5696DDA8436BE /* Frameworks */,
			);
			buildRules = (
			);
			dependencies = (
			);
			name = EpubDownloadSample;
			productName = EpubDownloadSample;
			productReference = 0942A26B1F24F2114B0CC1D5 /* EpubDownloadSample.app */;
			productType = "com.apple.product-type.application";
		};
/* End PBXNativeTarget section */

/* Begin PBXProject section */
		4E1ECB0ED8D8C678AC63F99B /* Project object */ = {
			isa = PBXProject;
			attributes = {
				LastUpgradeCheck = 1020;
				TargetAttributes = {
					2AECF15A82490023E69263A3 = {
						DevelopmentTeam = KTBV575NJN;
						ProvisioningStyle = Automatic;
						TestTargetID = DB533B543F5CFD3A297414F3;
					};
					7D1F52E59BEE1FDA6984CA94 = {
						DevelopmentTeam = KTBV575NJN;
						ProvisioningStyle = Automatic;
					};
					DB533B543F5CFD3A297414F3 = {
						DevelopmentTeam = KTBV575NJN;
						ProvisioningStyle = Automatic;
					};
				};
			};
			buildConfigurationList = 47B0EA3780975958D6CDA27C /* Build configuration list for PBXProject "EpubDownloadSample" */;
			compatibilityVersion = "Xcode 10.0";
			developmentRegion = en;
			hasScannedForEncodings = 0;
			knownRegions = (
				en,
				Base,
			);
			mainGroup = A277139E2703D20202A86FA5;
			productRefGroup = F2D390A5F5F98BD9DC255F9B /* Products */;
			projectDirPath = "";
			projectRoot = "";
			targets = (
				DB533B543F5CFD3A297414F3 /* EpubDownloadSample */,
				2AECF15A82490023E69263A3 /* EpubDownloadSampleTests */,
				7D1F52E59BEE1FDA6984CA94 /* EpubDownloadSampleUITests */,
			);
		};
/* End PBXProject section */

/* Begin PBXResourcesBuildPhase section */
		92C503D1A954C3C02E328336 /* Resources */ = {
			isa = PBXResourcesBuildPhase;
			buildActionMask = 2147483647;
			files = (
				B57E3085B7C1F77FB3AFF2CE /* Assets.xcassets in Resources */,
				230A119E93F1E927EC5EAAE6 /* LaunchScreen.storyboard in Resources */,
				06D6204554AAC5EEA995F021 /* Main.storyboard in Resources */,
			);
			runOnlyForDeploymentPostprocessing = 0;
		};
/* End PBXResourcesBuildPhase section */

/* Begin PBXShellScriptBuildPhase section */
		76CF2EBA203A24D5DCE64C94 /* [CP] Check Pods Manifest.lock */ = {
			isa = PBXShellScriptBuildPhase;
			buildActionMask = 2147483647;
			files = (
			);
			inputFileListPaths = (
			);
			inputPaths = (
				"${PODS_PODFILE_DIR_PATH}/Podfile.lock",
				"${PODS_ROOT}/Manifest.lock",
			);
			name = "[CP] Check Pods Manifest.lock";
			outputFileListPaths = (
			);
			outputPaths = (
				"$(DERIVED_FILE_DIR)/Pods-EpubDownloadSampleUITests-checkManifestLockResult.txt",
			);
			runOnlyForDeploymentPostprocessing = 0;
			shellPath = /bin/sh;
			shellScript = "diff \"${PODS_PODFILE_DIR_PATH}/Podfile.lock\" \"${PODS_ROOT}/Manifest.lock\" > /dev/null\nif [ $? != 0 ] ; then\n    # print error to STDERR\n    echo \"error: The sandbox is not in sync with the Podfile.lock. Run 'pod install' or update your CocoaPods installation.\" >&2\n    exit 1\nfi\n# This output is used by Xcode 'outputs' to avoid re-running this script phase.\necho \"SUCCESS\" > \"${SCRIPT_OUTPUT_FILE_0}\"\n";
			showEnvVarsInLog = 0;
		};
		C51642431168FF803E0A9F6C /* [CP] Check Pods Manifest.lock */ = {
			isa = PBXShellScriptBuildPhase;
			buildActionMask = 2147483647;
			files = (
			);
			inputFileListPaths = (
			);
			inputPaths = (
				"${PODS_PODFILE_DIR_PATH}/Podfile.lock",
				"${PODS_ROOT}/Manifest.lock",
			);
			name = "[CP] Check Pods Manifest.lock";
			outputFileListPaths = (
			);
			outputPaths = (
				"$(DERIVED_FILE_DIR)/Pods-EpubDownloadSample-checkManifestLockResult.txt",
			);
			runOnlyForDeploymentPostprocessing = 0;
			shellPath = /bin/sh;
			shellScript = "diff \"${PODS_PODFILE_DIR_PATH}/Podfile.lock\" \"${PODS_ROOT}/Manifest.lock\" > /dev/null\necho \"PODS_ROOT = ${PODS_ROOT}\"\nif [ $? != 0 ] ; then\n    # print error to STDERR\n    echo \"error: The sandbox is not in sync with the Podfile.lock. Run 'pod install' or update your CocoaPods installation.\" >&2\n    exit 1\nfi\n# This output is used by Xcode 'outputs' to avoid re-running this script phase.\necho \"SUCCESS\" > \"${SCRIPT_OUTPUT_FILE_0}\"\n";
			showEnvVarsInLog = 0;
		};
		E5A8CEF9CBDD57C4BF5844AC /* [CP] Check Pods Manifest.lock */ = {
			isa = PBXShellScriptBuildPhase;
			buildActionMask = 2147483647;
			files = (
			);
			inputFileListPaths = (
			);
			inputPaths = (
				"${PODS_PODFILE_DIR_PATH}/Podfile.lock",
				"${PODS_ROOT}/Manifest.lock",
			);
			name = "[CP] Check Pods Manifest.lock";
			outputFileListPaths = (
			);
			outputPaths = (
				"$(DERIVED_FILE_DIR)/Pods-EpubDownloadSampleTests-checkManifestLockResult.txt",
			);
			runOnlyForDeploymentPostprocessing = 0;
			shellPath = /bin/sh;
			shellScript = "diff \"${PODS_PODFILE_DIR_PATH}/Podfile.lock\" \"${PODS_ROOT}/Manifest.lock\" > /dev/null\nif [ $? != 0 ] ; then\n    # print error to STDERR\n    echo \"error: The sandbox is not in sync with the Podfile.lock. Run 'pod install' or update your CocoaPods installation.\" >&2\n    exit 1\nfi\n# This output is used by Xcode 'outputs' to avoid re-running this script phase.\necho \"SUCCESS\" > \"${SCRIPT_OUTPUT_FILE_0}\"\n";
			showEnvVarsInLog = 0;
		};
/* End PBXShellScriptBuildPhase section */

/* Begin PBXSourcesBuildPhase section */
		6E08B06632EA52D5AF43062D /* Sources */ = {
			isa = PBXSourcesBuildPhase;
			buildActionMask = 2147483647;
			files = (
				C4D984ED454B0DC407A04CFC /* EpubDownloadSampleTests.swift in Sources */,
			);
			runOnlyForDeploymentPostprocessing = 0;
		};
		76C52D0F2FE45B3E944DD40A /* Sources */ = {
			isa = PBXSourcesBuildPhase;
			buildActionMask = 2147483647;
			files = (
				953CE1B8D1B2A3EB56C6958B /* EpubDownloadSampleUITests.swift in Sources */,
			);
			runOnlyForDeploymentPostprocessing = 0;
		};
		9F4C6B7D5BA37FCD2CF82CEF /* Sources */ = {
			isa = PBXSourcesBuildPhase;
			buildActionMask = 2147483647;
			files = (
				0BAEE27EF6C57E5F08DC0258 /* AppDelegate.swift in Sources */,
				F6098D9A23485B6D007DBD24 /* FileResource.swift in Sources */,
				98D6686C9837E5E90147C24D /* SceneDelegate.swift in Sources */,
				C4E8D9B97C39161482B62FD1 /* ViewController.swift in Sources */,
			);
			runOnlyForDeploymentPostprocessing = 0;
		};
/* End PBXSourcesBuildPhase section */

/* Begin PBXTargetDependency section */
		0D2B688990A59B02B20976F3 /* PBXTargetDependency */ = {
			isa = PBXTargetDependency;
			target = DB533B543F5CFD3A297414F3 /* EpubDownloadSample */;
			targetProxy = 15B3E36C5CAB5E5AFEBB7316 /* PBXContainerItemProxy */;
		};
		15A78655D696251971BFD627 /* PBXTargetDependency */ = {
			isa = PBXTargetDependency;
			target = DB533B543F5CFD3A297414F3 /* EpubDownloadSample */;
			targetProxy = C05AEEE7214CB401F92F2898 /* PBXContainerItemProxy */;
		};
/* End PBXTargetDependency section */

/* Begin PBXVariantGroup section */
		17B297AAD90ED9092D598702 /* LaunchScreen.storyboard */ = {
			isa = PBXVariantGroup;
			children = (
				30BB6D3EEFD192CFEE6A943C /* Base */,
			);
			name = LaunchScreen.storyboard;
			sourceTree = "<group>";
		};
		772A7A0AEF651A7748CDEED8 /* Main.storyboard */ = {
			isa = PBXVariantGroup;
			children = (
				4A0CF5C2159A316324BDB793 /* Base */,
			);
			name = Main.storyboard;
			sourceTree = "<group>";
		};
/* End PBXVariantGroup section */

/* Begin XCBuildConfiguration section */
		2041ECE0CAF734981DEDC57D /* Release */ = {
			isa = XCBuildConfiguration;
			baseConfigurationReference = 634A145279B42DB534284FB5 /* Release.xcconfig */;
			buildSettings = {
				PODS_ROOT = "${SRCROOT}/Pods";
			};
			name = Release;
		};
		61B49604316B22128EA9DE7C /* Release */ = {
			isa = XCBuildConfiguration;
			baseConfigurationReference = D72B5894D9EDEFFA04DBB11F /* EpubDownloadSampleTests-Release.xcconfig */;
			buildSettings = {
				TEST_TARGET_NAME = EpubDownloadSample;
			};
			name = Release;
		};
		77060A3652BA4BBA6B6D31CB /* Release */ = {
			isa = XCBuildConfiguration;
			baseConfigurationReference = 90A3B835E918F1804E964C8D /* EpubDownloadSample-Release.xcconfig */;
			buildSettings = {
				CODE_SIGN_IDENTITY = "iPhone Developer";
				CURRENT_PROJECT_VERSION = 1;
			};
			name = Release;
		};
		A0CF8C68246829A0B7F361D4 /* Debug */ = {
			isa = XCBuildConfiguration;
			baseConfigurationReference = D893A8C91E078BC5ECBCF4E3 /* EpubDownloadSampleUITests-Debug.xcconfig */;
			buildSettings = {
				BUNDLE_LOADER = "$(TEST_HOST)";
			};
			name = Debug;
		};
		DD1E693258ECBFFA4E7DB524 /* Release */ = {
			isa = XCBuildConfiguration;
			baseConfigurationReference = D6AEF3BD1222CA2905E8212D /* EpubDownloadSampleUITests-Release.xcconfig */;
			buildSettings = {
				BUNDLE_LOADER = "$(TEST_HOST)";
			};
			name = Release;
		};
		E11E5F959493580E2F38D24E /* Debug */ = {
			isa = XCBuildConfiguration;
			baseConfigurationReference = E6D10324FE7F4F0B89F06C1E /* EpubDownloadSampleTests-Debug.xcconfig */;
			buildSettings = {
				TEST_TARGET_NAME = EpubDownloadSample;
			};
			name = Debug;
		};
		FAF5DADF9F5FB6D2BD6F93E6 /* Debug */ = {
			isa = XCBuildConfiguration;
			baseConfigurationReference = 3C232525F419EF3880FF554D /* EpubDownloadSample-Debug.xcconfig */;
			buildSettings = {
				CODE_SIGN_IDENTITY = "iPhone Developer";
				CURRENT_PROJECT_VERSION = 1;
			};
			name = Debug;
		};
		FFF949D9B13A404719BA0C3D /* Debug */ = {
			isa = XCBuildConfiguration;
			baseConfigurationReference = CDF3A0D57D49CA55D86415E9 /* Debug.xcconfig */;
			buildSettings = {
				"OTHER_CFLAGS[sdk=*]" = "$(inhrerited)";
				PODS_ROOT = "${SRCROOT}/Pods";
			};
			name = Debug;
		};
/* End XCBuildConfiguration section */

/* Begin XCConfigurationList section */
		1276C6E1F79A1E673ECEAC7E /* Build configuration list for PBXNativeTarget "EpubDownloadSampleTests" */ = {
			isa = XCConfigurationList;
			buildConfigurations = (
				E11E5F959493580E2F38D24E /* Debug */,
				61B49604316B22128EA9DE7C /* Release */,
			);
			defaultConfigurationIsVisible = 0;
			defaultConfigurationName = "";
		};
		47B0EA3780975958D6CDA27C /* Build configuration list for PBXProject "EpubDownloadSample" */ = {
			isa = XCConfigurationList;
			buildConfigurations = (
				FFF949D9B13A404719BA0C3D /* Debug */,
				2041ECE0CAF734981DEDC57D /* Release */,
			);
			defaultConfigurationIsVisible = 0;
			defaultConfigurationName = Debug;
		};
		83B8A1854B74AC7724A5C551 /* Build configuration list for PBXNativeTarget "EpubDownloadSample" */ = {
			isa = XCConfigurationList;
			buildConfigurations = (
				FAF5DADF9F5FB6D2BD6F93E6 /* Debug */,
				77060A3652BA4BBA6B6D31CB /* Release */,
			);
			defaultConfigurationIsVisible = 0;
			defaultConfigurationName = "";
		};
		CEADB46BA29821C389A08EA8 /* Build configuration list for PBXNativeTarget "EpubDownloadSampleUITests" */ = {
			isa = XCConfigurationList;
			buildConfigurations = (
				A0CF8C68246829A0B7F361D4 /* Debug */,
				DD1E693258ECBFFA4E7DB524 /* Release */,
			);
			defaultConfigurationIsVisible = 0;
			defaultConfigurationName = "";
		};
/* End XCConfigurationList section */
	};
	rootObject = 4E1ECB0ED8D8C678AC63F99B /* Project object */;
}
